
Microsoft Visual Studio Solution File, Format Version 12.00
# Visual Studio Version 17
VisualStudioVersion = 17.11.35303.130
MinimumVisualStudioVersion = 10.0.40219.1
Project("{FAE04EC0-301F-11D3-BF4B-00C04F79EFBC}") = "Movie Web App", "Movie Web App.csproj", "{E1369D30-BE60-4F47-8103-F9E8E8AF5776}"
EndProject
Global
	GlobalSection(SolutionConfigurationPlatforms) = preSolution
		Debug|Any CPU = Debug|Any CPU
		Release|Any CPU = Release|Any CPU
	EndGlobalSection
	GlobalSection(ProjectConfigurationPlatforms) = postSolution
		{E1369D30-BE60-4F47-8103-F9E8E8AF5776}.Debug|Any CPU.ActiveCfg = Debug|Any CPU
		{E1369D30-BE60-4F47-8103-F9E8E8AF5776}.Debug|Any CPU.Build.0 = Debug|Any CPU
		{E1369D30-BE60-4F47-8103-F9E8E8AF5776}.Release|Any CPU.ActiveCfg = Release|Any CPU
		{E1369D30-BE60-4F47-8103-F9E8E8AF5776}.Release|Any CPU.Build.0 = Release|Any CPU
	EndGlobalSection
	GlobalSection(SolutionProperties) = preSolution
		HideSolutionNode = FALSE
	EndGlobalSection
	GlobalSection(ExtensibilityGlobals) = postSolution
		SolutionGuid = {C2C8E9F2-498B-4861-986B-0877ADE759EF}
	EndGlobalSection
EndGlobal
